
Microsoft Visual Studio Solution File, Format Version 12.00
# Visual Studio Version 16
VisualStudioVersion = 16.0.31112.23
MinimumVisualStudioVersion = 10.0.40219.1
Project("{9A19103F-16F7-4668-BE54-9A1E7A4F7556}") = "Aula2", "Aula2\Aula2.csproj", "{C04E30ED-04CE-48DA-A358-88901ACBF5CC}"
EndProject
Project("{FAE04EC0-301F-11D3-BF4B-00C04F79EFBC}") = "Aula2.Teste", "Aula2.Teste\Aula2.Teste.csproj", "{7462A967-BE64-4754-B5A8-83544CE882BE}"
EndProject
Global
	GlobalSection(SolutionConfigurationPlatforms) = preSolution
		Debug|Any CPU = Debug|Any CPU
		Release|Any CPU = Release|Any CPU
	EndGlobalSection
	GlobalSection(ProjectConfigurationPlatforms) = postSolution
		{C04E30ED-04CE-48DA-A358-88901ACBF5CC}.Debug|Any CPU.ActiveCfg = Debug|Any CPU
		{C04E30ED-04CE-48DA-A358-88901ACBF5CC}.Debug|Any CPU.Build.0 = Debug|Any CPU
		{C04E30ED-04CE-48DA-A358-88901ACBF5CC}.Release|Any CPU.ActiveCfg = Release|Any CPU
		{C04E30ED-04CE-48DA-A358-88901ACBF5CC}.Release|Any CPU.Build.0 = Release|Any CPU
		{7462A967-BE64-4754-B5A8-83544CE882BE}.Debug|Any CPU.ActiveCfg = Debug|Any CPU
		{7462A967-BE64-4754-B5A8-83544CE882BE}.Debug|Any CPU.Build.0 = Debug|Any CPU
		{7462A967-BE64-4754-B5A8-83544CE882BE}.Release|Any CPU.ActiveCfg = Release|Any CPU
		{7462A967-BE64-4754-B5A8-83544CE882BE}.Release|Any CPU.Build.0 = Release|Any CPU
	EndGlobalSection
	GlobalSection(SolutionProperties) = preSolution
		HideSolutionNode = FALSE
	EndGlobalSection
	GlobalSection(ExtensibilityGlobals) = postSolution
		SolutionGuid = {B85A6525-AB4E-48E5-A32C-30165F8D38BB}
	EndGlobalSection
EndGlobal
